{
	"name": "starktma",
	"version": "1.0.0",
	"lockfileVersion": 3,
	"requires": true,
	"packages": {
		"": {
			"name": "starktma",
			"version": "1.0.0",
			"license": "ISC",
			"workspaces": [
				"packages/*"
			]
		},
		"node_modules/@minecraft/common": {
			"version": "1.2.0",
			"resolved": "https://registry.npmjs.org/@minecraft/common/-/common-1.2.0.tgz",
			"integrity": "sha512-JdmEq4P3Z/FtoBzhLijFgMSVFnFRrUoLwY8DHHrgtFo0mfLTOLTB1RErYjLMsA6b7BGVNxkX/pfFRiH7QZ0XwQ==",
			"dev": true,
			"license": "MIT"
		},
		"node_modules/@minecraft/server": {
			"version": "2.1.0",
			"resolved": "https://registry.npmjs.org/@minecraft/server/-/server-2.1.0.tgz",
			"integrity": "sha512-yT7MH47hqhJ3C208Y3g7bEo52aT5q9DZApxH5y3+qQ9voqazF35t3FeTd6aw2S7C07HA6yZOmNZ7p79b3PCJXg==",
			"dev": true,
			"license": "MIT",
			"dependencies": {
				"@minecraft/common": "^1.2.0"
			},
			"peerDependencies": {
				"@minecraft/vanilla-data": ">=1.20.70"
			}
		},
		"node_modules/@minecraft/server-ui": {
			"version": "2.0.0",
			"resolved": "https://registry.npmjs.org/@minecraft/server-ui/-/server-ui-2.0.0.tgz",
			"integrity": "sha512-K1xFK1OEJSNfIgyRElaoxDTW/nbEqjBp1YnUdyPCs4kGDglwoXNyFz3wzMOkvT04CJXSifZGcTJeWda4C6OkXw==",
			"dev": true,
			"license": "MIT",
			"dependencies": {
				"@minecraft/common": "^1.0.0",
				"@minecraft/server": "^2.0.0"
			}
		},
		"node_modules/@minecraft/vanilla-data": {
			"version": "1.21.100",
			"resolved": "https://registry.npmjs.org/@minecraft/vanilla-data/-/vanilla-data-1.21.100.tgz",
			"integrity": "sha512-e0UtUhy94q3N74Z4YeCyrV9ppuqRgAbxnWumPlyEFMBtDyTWnpHfSFxVr4Q8NieCpKktY2dmUZulUp3g39dhWg==",
			"dev": true,
			"license": "MIT",
			"peer": true
		},
		"node_modules/@starktma/game-state-machine": {
			"resolved": "packages/game-state-machine",
			"link": true
		},
		"node_modules/@starktma/inventory-manager": {
			"resolved": "packages/inventory-manager",
			"link": true
		},
		"node_modules/@starktma/minecraft-utils": {
			"resolved": "packages/minecraft-utils",
			"link": true
		},
		"node_modules/@starktma/property-database": {
			"resolved": "packages/property-database",
			"link": true
		},
		"node_modules/typescript": {
			"version": "5.9.2",
			"resolved": "https://registry.npmjs.org/typescript/-/typescript-5.9.2.tgz",
			"integrity": "sha512-CWBzXQrc/qOkhidw1OzBTQuYRbfyxDXJMVJ1XNwUHGROVmuaeiEm3OslpZ1RV96d7SKKjZKrSJu3+t/xlw3R9A==",
			"dev": true,
			"license": "Apache-2.0",
			"bin": {
				"tsc": "bin/tsc",
				"tsserver": "bin/tsserver"
			},
			"engines": {
				"node": ">=14.17"
			}
		},
		"packages/game-state-machine": {
			"name": "@starktma/game-state-machine",
			"version": "1.1.0",
			"license": "ISC",
			"dependencies": {
				"@starktma/property-database": "file:../property-database"
			},
			"devDependencies": {
				"@minecraft/server": "^2.1.0",
				"@minecraft/server-ui": "^2.0.0",
				"typescript": "^5.9.2"
			}
		},
		"packages/inventory-manager": {
			"name": "@starktma/inventory-manager",
			"version": "1.1.0",
			"license": "ISC",
			"devDependencies": {
				"@minecraft/server": "^2.1.0",
				"@minecraft/server-ui": "^2.0.0",
				"typescript": "^5.9.2"
			}
		},
		"packages/minecraft-utils": {
			"name": "@starktma/minecraft-utils",
			"version": "1.1.0",
			"license": "ISC",
			"devDependencies": {
				"@minecraft/server": "^2.1.0",
				"@minecraft/server-ui": "^2.0.0",
				"typescript": "^5.9.2"
			}
		},
		"packages/property-database": {
			"name": "@starktma/property-database",
			"version": "1.1.0",
			"license": "ISC",
			"devDependencies": {
				"@minecraft/server": "^2.1.0",
				"@minecraft/server-ui": "^2.0.0",
				"typescript": "^5.9.2"
			}
		}
	}
}
